
Microsoft Visual Studio Solution File, Format Version 12.00
# Visual Studio 15
VisualStudioVersion = 15.0.27130.2026
MinimumVisualStudioVersion = 10.0.40219.1
Project("{FAE04EC0-301F-11D3-BF4B-00C04F79EFBC}") = "ContosoUniversity", "ContosoUniversity\ContosoUniversity.csproj", "{D185FE27-C23C-4034-A5DD-C6D2565AC831}"
EndProject
Global
	GlobalSection(SolutionConfigurationPlatforms) = preSolution
		Debug|Any CPU = Debug|Any CPU
		Release|Any CPU = Release|Any CPU
	EndGlobalSection
	GlobalSection(ProjectConfigurationPlatforms) = postSolution
		{D185FE27-C23C-4034-A5DD-C6D2565AC831}.Debug|Any CPU.ActiveCfg = Debug|Any CPU
		{D185FE27-C23C-4034-A5DD-C6D2565AC831}.Debug|Any CPU.Build.0 = Debug|Any CPU
		{D185FE27-C23C-4034-A5DD-C6D2565AC831}.Release|Any CPU.ActiveCfg = Release|Any CPU
		{D185FE27-C23C-4034-A5DD-C6D2565AC831}.Release|Any CPU.Build.0 = Release|Any CPU
	EndGlobalSection
	GlobalSection(SolutionProperties) = preSolution
		HideSolutionNode = FALSE
	EndGlobalSection
	GlobalSection(ExtensibilityGlobals) = postSolution
		SolutionGuid = {C3F9DB97-FC59-4B7A-B89A-FF3172BB6A21}
	EndGlobalSection
EndGlobal
